// !$*UTF8*$!
{
	archiveVersion = 1;
	classes = {
	};
	objectVersion = 50;
	objects = {

/* Begin PBXBuildFile section */
		1306E60A21C7CE20001A4EF0 /* AppDelegate.swift in Sources */ = {isa = PBXBuildFile; fileRef = 1306E60921C7CE20001A4EF0 /* AppDelegate.swift */; };
		1306E60F21C7CE20001A4EF0 /* Main.storyboard in Resources */ = {isa = PBXBuildFile; fileRef = 1306E60D21C7CE20001A4EF0 /* Main.storyboard */; };
		1306E61121C7CE21001A4EF0 /* Assets.xcassets in Resources */ = {isa = PBXBuildFile; fileRef = 1306E61021C7CE21001A4EF0 /* Assets.xcassets */; };
		1306E61421C7CE21001A4EF0 /* LaunchScreen.storyboard in Resources */ = {isa = PBXBuildFile; fileRef = 1306E61221C7CE21001A4EF0 /* LaunchScreen.storyboard */; };
		1306E62A21C7CE21001A4EF0 /* iOS_SampleUITests.swift in Sources */ = {isa = PBXBuildFile; fileRef = 1306E62921C7CE21001A4EF0 /* iOS_SampleUITests.swift */; };
		1310C12C21C9325800F3E3C0 /* JSONDecoder.swift in Sources */ = {isa = PBXBuildFile; fileRef = 1310C12B21C9325800F3E3C0 /* JSONDecoder.swift */; };
		1310C12E21C9335A00F3E3C0 /* repository.json in Resources */ = {isa = PBXBuildFile; fileRef = 1310C12D21C9335A00F3E3C0 /* repository.json */; };
		1310C13021C9336E00F3E3C0 /* repository_invalid.json in Resources */ = {isa = PBXBuildFile; fileRef = 1310C12F21C9336E00F3E3C0 /* repository_invalid.json */; };
		1310C13321C938BB00F3E3C0 /* Models+Fakes.swift in Sources */ = {isa = PBXBuildFile; fileRef = 1310C13221C938BB00F3E3C0 /* Models+Fakes.swift */; };
		1365F7F121C7D03700055756 /* SearchViewController.swift in Sources */ = {isa = PBXBuildFile; fileRef = 1365F7F021C7D03700055756 /* SearchViewController.swift */; };
		1365F7F321C7D05400055756 /* ModelViewModel.swift in Sources */ = {isa = PBXBuildFile; fileRef = 1365F7F221C7D05400055756 /* ModelViewModel.swift */; };
		1365F7F721C7D60700055756 /* Repository.swift in Sources */ = {isa = PBXBuildFile; fileRef = 1365F7F621C7D60700055756 /* Repository.swift */; };
		1365F7F921C7DA2400055756 /* RepositoryViewModel.swift in Sources */ = {isa = PBXBuildFile; fileRef = 1365F7F821C7DA2400055756 /* RepositoryViewModel.swift */; };
		1365F7FB21C7DF1D00055756 /* SearchViewModel.swift in Sources */ = {isa = PBXBuildFile; fileRef = 1365F7FA21C7DF1D00055756 /* SearchViewModel.swift */; };
		1365F80121C7F8D900055756 /* GithubRepositoryService.swift in Sources */ = {isa = PBXBuildFile; fileRef = 1365F80021C7F8D900055756 /* GithubRepositoryService.swift */; };
		1365F80421C80C3C00055756 /* ServiceError.swift in Sources */ = {isa = PBXBuildFile; fileRef = 1365F80321C80C3C00055756 /* ServiceError.swift */; };
		1365F80621C80C7200055756 /* GithubRequest.swift in Sources */ = {isa = PBXBuildFile; fileRef = 1365F80521C80C7200055756 /* GithubRequest.swift */; };
		1365F80B21C80F7500055756 /* AlamofireCall.swift in Sources */ = {isa = PBXBuildFile; fileRef = 1365F80A21C80F7500055756 /* AlamofireCall.swift */; };
		1365F80F21C8100100055756 /* GithubSearch.swift in Sources */ = {isa = PBXBuildFile; fileRef = 1365F80E21C8100100055756 /* GithubSearch.swift */; };
		1365F81321C819D300055756 /* GithubRepositoryServiceSpecs.swift in Sources */ = {isa = PBXBuildFile; fileRef = 1365F81221C819D300055756 /* GithubRepositoryServiceSpecs.swift */; };
		1365F81B21C81D0B00055756 /* github_repository_search.json in Resources */ = {isa = PBXBuildFile; fileRef = 1365F81A21C81D0B00055756 /* github_repository_search.json */; };
		1365F82021C8267700055756 /* URLSessionConfiguration+Mock.swift in Sources */ = {isa = PBXBuildFile; fileRef = 1365F81F21C8267700055756 /* URLSessionConfiguration+Mock.swift */; };
		1365F82221C82B3500055756 /* GithubRepositoryMockURLProtocol.swift in Sources */ = {isa = PBXBuildFile; fileRef = 1365F82121C82B3500055756 /* GithubRepositoryMockURLProtocol.swift */; };
		1365F82421C82B5800055756 /* ServiceMockDataType.swift in Sources */ = {isa = PBXBuildFile; fileRef = 1365F82321C82B5800055756 /* ServiceMockDataType.swift */; };
		1365F82621C83D4600055756 /* BaseMockURLProtocol.swift in Sources */ = {isa = PBXBuildFile; fileRef = 1365F82521C83D4600055756 /* BaseMockURLProtocol.swift */; };
		1365F82921C840DC00055756 /* RepositorySpec.swift in Sources */ = {isa = PBXBuildFile; fileRef = 1365F82821C840DC00055756 /* RepositorySpec.swift */; };
		C3F3EAC384E3D4619555B82B /* Pods_iOS_Sample.framework in Frameworks */ = {isa = PBXBuildFile; fileRef = 4D35DEC6A51E4C080216CBD2 /* Pods_iOS_Sample.framework */; };
		EFA4E789285714E8A594BCF1 /* Pods_iOS_SampleTests.framework in Frameworks */ = {isa = PBXBuildFile; fileRef = AE31596EC19A9F8E6F43E6AF /* Pods_iOS_SampleTests.framework */; };
		F8A04FC7E6AAB8C2D486BEE4 /* Pods_iOS_SampleUITests.framework in Frameworks */ = {isa = PBXBuildFile; fileRef = 2D0F2B91624C2BAD52E2B34C /* Pods_iOS_SampleUITests.framework */; };
/* End PBXBuildFile section */

/* Begin PBXContainerItemProxy section */
		1306E61B21C7CE21001A4EF0 /* PBXContainerItemProxy */ = {
			isa = PBXContainerItemProxy;
			containerPortal = 1306E5FE21C7CE20001A4EF0 /* Project object */;
			proxyType = 1;
			remoteGlobalIDString = 1306E60521C7CE20001A4EF0;
			remoteInfo = "iOS-Sample";
		};
		1306E62621C7CE21001A4EF0 /* PBXContainerItemProxy */ = {
			isa = PBXContainerItemProxy;
			containerPortal = 1306E5FE21C7CE20001A4EF0 /* Project object */;
			proxyType = 1;
			remoteGlobalIDString = 1306E60521C7CE20001A4EF0;
			remoteInfo = "iOS-Sample";
		};
/* End PBXContainerItemProxy section */

/* Begin PBXFileReference section */
		1306E60621C7CE20001A4EF0 /* iOS-Sample.app */ = {isa = PBXFileReference; explicitFileType = wrapper.application; includeInIndex = 0; path = "iOS-Sample.app"; sourceTree = BUILT_PRODUCTS_DIR; };
		1306E60921C7CE20001A4EF0 /* AppDelegate.swift */ = {isa = PBXFileReference; lastKnownFileType = sourcecode.swift; path = AppDelegate.swift; sourceTree = "<group>"; };
		1306E60E21C7CE20001A4EF0 /* Base */ = {isa = PBXFileReference; lastKnownFileType = file.storyboard; name = Base; path = Base.lproj/Main.storyboard; sourceTree = "<group>"; };
		1306E61021C7CE21001A4EF0 /* Assets.xcassets */ = {isa = PBXFileReference; lastKnownFileType = folder.assetcatalog; path = Assets.xcassets; sourceTree = "<group>"; };
		1306E61321C7CE21001A4EF0 /* Base */ = {isa = PBXFileReference; lastKnownFileType = file.storyboard; name = Base; path = Base.lproj/LaunchScreen.storyboard; sourceTree = "<group>"; };
		1306E61521C7CE21001A4EF0 /* Info.plist */ = {isa = PBXFileReference; lastKnownFileType = text.plist.xml; path = Info.plist; sourceTree = "<group>"; };
		1306E61A21C7CE21001A4EF0 /* iOS-SampleTests.xctest */ = {isa = PBXFileReference; explicitFileType = wrapper.cfbundle; includeInIndex = 0; path = "iOS-SampleTests.xctest"; sourceTree = BUILT_PRODUCTS_DIR; };
		1306E62021C7CE21001A4EF0 /* Info.plist */ = {isa = PBXFileReference; lastKnownFileType = text.plist.xml; path = Info.plist; sourceTree = "<group>"; };
		1306E62521C7CE21001A4EF0 /* iOS-SampleUITests.xctest */ = {isa = PBXFileReference; explicitFileType = wrapper.cfbundle; includeInIndex = 0; path = "iOS-SampleUITests.xctest"; sourceTree = BUILT_PRODUCTS_DIR; };
		1306E62921C7CE21001A4EF0 /* iOS_SampleUITests.swift */ = {isa = PBXFileReference; lastKnownFileType = sourcecode.swift; path = iOS_SampleUITests.swift; sourceTree = "<group>"; };
		1306E62B21C7CE21001A4EF0 /* Info.plist */ = {isa = PBXFileReference; lastKnownFileType = text.plist.xml; path = Info.plist; sourceTree = "<group>"; };
		1310C12B21C9325800F3E3C0 /* JSONDecoder.swift */ = {isa = PBXFileReference; lastKnownFileType = sourcecode.swift; path = JSONDecoder.swift; sourceTree = "<group>"; };
		1310C12D21C9335A00F3E3C0 /* repository.json */ = {isa = PBXFileReference; lastKnownFileType = text.json; path = repository.json; sourceTree = "<group>"; };
		1310C12F21C9336E00F3E3C0 /* repository_invalid.json */ = {isa = PBXFileReference; lastKnownFileType = text.json; path = repository_invalid.json; sourceTree = "<group>"; };
		1310C13221C938BB00F3E3C0 /* Models+Fakes.swift */ = {isa = PBXFileReference; lastKnownFileType = sourcecode.swift; path = "Models+Fakes.swift"; sourceTree = "<group>"; };
		1365F7F021C7D03700055756 /* SearchViewController.swift */ = {isa = PBXFileReference; lastKnownFileType = sourcecode.swift; path = SearchViewController.swift; sourceTree = "<group>"; };
		1365F7F221C7D05400055756 /* ModelViewModel.swift */ = {isa = PBXFileReference; lastKnownFileType = sourcecode.swift; path = ModelViewModel.swift; sourceTree = "<group>"; };
		1365F7F621C7D60700055756 /* Repository.swift */ = {isa = PBXFileReference; lastKnownFileType = sourcecode.swift; path = Repository.swift; sourceTree = "<group>"; };
		1365F7F821C7DA2400055756 /* RepositoryViewModel.swift */ = {isa = PBXFileReference; lastKnownFileType = sourcecode.swift; path = RepositoryViewModel.swift; sourceTree = "<group>"; };
		1365F7FA21C7DF1D00055756 /* SearchViewModel.swift */ = {isa = PBXFileReference; lastKnownFileType = sourcecode.swift; path = SearchViewModel.swift; sourceTree = "<group>"; };
		1365F80021C7F8D900055756 /* GithubRepositoryService.swift */ = {isa = PBXFileReference; lastKnownFileType = sourcecode.swift; path = GithubRepositoryService.swift; sourceTree = "<group>"; };
		1365F80321C80C3C00055756 /* ServiceError.swift */ = {isa = PBXFileReference; lastKnownFileType = sourcecode.swift; path = ServiceError.swift; sourceTree = "<group>"; };
		1365F80521C80C7200055756 /* GithubRequest.swift */ = {isa = PBXFileReference; lastKnownFileType = sourcecode.swift; path = GithubRequest.swift; sourceTree = "<group>"; };
		1365F80A21C80F7500055756 /* AlamofireCall.swift */ = {isa = PBXFileReference; fileEncoding = 4; lastKnownFileType = sourcecode.swift; path = AlamofireCall.swift; sourceTree = "<group>"; };
		1365F80E21C8100100055756 /* GithubSearch.swift */ = {isa = PBXFileReference; lastKnownFileType = sourcecode.swift; path = GithubSearch.swift; sourceTree = "<group>"; };
		1365F81221C819D300055756 /* GithubRepositoryServiceSpecs.swift */ = {isa = PBXFileReference; lastKnownFileType = sourcecode.swift; path = GithubRepositoryServiceSpecs.swift; sourceTree = "<group>"; };
		1365F81A21C81D0B00055756 /* github_repository_search.json */ = {isa = PBXFileReference; lastKnownFileType = text.json; path = github_repository_search.json; sourceTree = "<group>"; };
		1365F81F21C8267700055756 /* URLSessionConfiguration+Mock.swift */ = {isa = PBXFileReference; lastKnownFileType = sourcecode.swift; path = "URLSessionConfiguration+Mock.swift"; sourceTree = "<group>"; };
		1365F82121C82B3500055756 /* GithubRepositoryMockURLProtocol.swift */ = {isa = PBXFileReference; lastKnownFileType = sourcecode.swift; path = GithubRepositoryMockURLProtocol.swift; sourceTree = "<group>"; };
		1365F82321C82B5800055756 /* ServiceMockDataType.swift */ = {isa = PBXFileReference; lastKnownFileType = sourcecode.swift; path = ServiceMockDataType.swift; sourceTree = "<group>"; };
		1365F82521C83D4600055756 /* BaseMockURLProtocol.swift */ = {isa = PBXFileReference; lastKnownFileType = sourcecode.swift; path = BaseMockURLProtocol.swift; sourceTree = "<group>"; };
		1365F82821C840DC00055756 /* RepositorySpec.swift */ = {isa = PBXFileReference; lastKnownFileType = sourcecode.swift; path = RepositorySpec.swift; sourceTree = "<group>"; };
		2D0F2B91624C2BAD52E2B34C /* Pods_iOS_SampleUITests.framework */ = {isa = PBXFileReference; explicitFileType = wrapper.framework; includeInIndex = 0; path = Pods_iOS_SampleUITests.framework; sourceTree = BUILT_PRODUCTS_DIR; };
		4D35DEC6A51E4C080216CBD2 /* Pods_iOS_Sample.framework */ = {isa = PBXFileReference; explicitFileType = wrapper.framework; includeInIndex = 0; path = Pods_iOS_Sample.framework; sourceTree = BUILT_PRODUCTS_DIR; };
		5752818F11F45B0DC0AE9D7E /* Pods-iOS-Sample.release.xcconfig */ = {isa = PBXFileReference; includeInIndex = 1; lastKnownFileType = text.xcconfig; name = "Pods-iOS-Sample.release.xcconfig"; path = "Pods/Target Support Files/Pods-iOS-Sample/Pods-iOS-Sample.release.xcconfig"; sourceTree = "<group>"; };
		5F10C55A222EEE002FA36303 /* Pods-iOS-Sample.debug.xcconfig */ = {isa = PBXFileReference; includeInIndex = 1; lastKnownFileType = text.xcconfig; name = "Pods-iOS-Sample.debug.xcconfig"; path = "Pods/Target Support Files/Pods-iOS-Sample/Pods-iOS-Sample.debug.xcconfig"; sourceTree = "<group>"; };
		72A831FF8B4C6F27491F4202 /* Pods-iOS-SampleTests.release.xcconfig */ = {isa = PBXFileReference; includeInIndex = 1; lastKnownFileType = text.xcconfig; name = "Pods-iOS-SampleTests.release.xcconfig"; path = "Pods/Target Support Files/Pods-iOS-SampleTests/Pods-iOS-SampleTests.release.xcconfig"; sourceTree = "<group>"; };
		793C1950A593FAB84CD3C770 /* Pods-iOS-SampleUITests.release.xcconfig */ = {isa = PBXFileReference; includeInIndex = 1; lastKnownFileType = text.xcconfig; name = "Pods-iOS-SampleUITests.release.xcconfig"; path = "Pods/Target Support Files/Pods-iOS-SampleUITests/Pods-iOS-SampleUITests.release.xcconfig"; sourceTree = "<group>"; };
		9169B6169506E7B6DEB729F2 /* Pods-iOS-SampleUITests.debug.xcconfig */ = {isa = PBXFileReference; includeInIndex = 1; lastKnownFileType = text.xcconfig; name = "Pods-iOS-SampleUITests.debug.xcconfig"; path = "Pods/Target Support Files/Pods-iOS-SampleUITests/Pods-iOS-SampleUITests.debug.xcconfig"; sourceTree = "<group>"; };
		AE31596EC19A9F8E6F43E6AF /* Pods_iOS_SampleTests.framework */ = {isa = PBXFileReference; explicitFileType = wrapper.framework; includeInIndex = 0; path = Pods_iOS_SampleTests.framework; sourceTree = BUILT_PRODUCTS_DIR; };
		BE23B78361ABA49427C032F5 /* Pods-iOS-SampleTests.debug.xcconfig */ = {isa = PBXFileReference; includeInIndex = 1; lastKnownFileType = text.xcconfig; name = "Pods-iOS-SampleTests.debug.xcconfig"; path = "Pods/Target Support Files/Pods-iOS-SampleTests/Pods-iOS-SampleTests.debug.xcconfig"; sourceTree = "<group>"; };
/* End PBXFileReference section */

/* Begin PBXFrameworksBuildPhase section */
		1306E60321C7CE20001A4EF0 /* Frameworks */ = {
			isa = PBXFrameworksBuildPhase;
			buildActionMask = 2147483647;
			files = (
				C3F3EAC384E3D4619555B82B /* Pods_iOS_Sample.framework in Frameworks */,
			);
			runOnlyForDeploymentPostprocessing = 0;
		};
		1306E61721C7CE21001A4EF0 /* Frameworks */ = {
			isa = PBXFrameworksBuildPhase;
			buildActionMask = 2147483647;
			files = (
				EFA4E789285714E8A594BCF1 /* Pods_iOS_SampleTests.framework in Frameworks */,
			);
			runOnlyForDeploymentPostprocessing = 0;
		};
		1306E62221C7CE21001A4EF0 /* Frameworks */ = {
			isa = PBXFrameworksBuildPhase;
			buildActionMask = 2147483647;
			files = (
				F8A04FC7E6AAB8C2D486BEE4 /* Pods_iOS_SampleUITests.framework in Frameworks */,
			);
			runOnlyForDeploymentPostprocessing = 0;
		};
/* End PBXFrameworksBuildPhase section */

/* Begin PBXGroup section */
		1306E5FD21C7CE20001A4EF0 = {
			isa = PBXGroup;
			children = (
				1306E60821C7CE20001A4EF0 /* iOS-Sample */,
				1306E61D21C7CE21001A4EF0 /* iOS-SampleTests */,
				1306E62821C7CE21001A4EF0 /* iOS-SampleUITests */,
				1306E60721C7CE20001A4EF0 /* Products */,
				676694DFA02C4B853E82F654 /* Pods */,
				C844A86460527F51CD422234 /* Frameworks */,
			);
			sourceTree = "<group>";
		};
		1306E60721C7CE20001A4EF0 /* Products */ = {
			isa = PBXGroup;
			children = (
				1306E60621C7CE20001A4EF0 /* iOS-Sample.app */,
				1306E61A21C7CE21001A4EF0 /* iOS-SampleTests.xctest */,
				1306E62521C7CE21001A4EF0 /* iOS-SampleUITests.xctest */,
			);
			name = Products;
			sourceTree = "<group>";
		};
		1306E60821C7CE20001A4EF0 /* iOS-Sample */ = {
			isa = PBXGroup;
			children = (
				1310C12A21C9324500F3E3C0 /* Extensions */,
				1365F7ED21C7CFF100055756 /* Service */,
				1365F7EC21C7CFEB00055756 /* ViewModels */,
				1365F7EB21C7CFE700055756 /* Models */,
				1365F7EA21C7CFE100055756 /* ViewControllers */,
				1306E60921C7CE20001A4EF0 /* AppDelegate.swift */,
				1306E60D21C7CE20001A4EF0 /* Main.storyboard */,
				1306E61021C7CE21001A4EF0 /* Assets.xcassets */,
				1306E61221C7CE21001A4EF0 /* LaunchScreen.storyboard */,
				1306E61521C7CE21001A4EF0 /* Info.plist */,
			);
			path = "iOS-Sample";
			sourceTree = "<group>";
		};
		1306E61D21C7CE21001A4EF0 /* iOS-SampleTests */ = {
			isa = PBXGroup;
			children = (
				1365F81921C81CE100055756 /* Mocks */,
				1365F82721C840BB00055756 /* Models */,
				1365F81121C8177A00055756 /* Services */,
				1306E62021C7CE21001A4EF0 /* Info.plist */,
			);
			path = "iOS-SampleTests";
			sourceTree = "<group>";
		};
		1306E62821C7CE21001A4EF0 /* iOS-SampleUITests */ = {
			isa = PBXGroup;
			children = (
				1306E62921C7CE21001A4EF0 /* iOS_SampleUITests.swift */,
				1306E62B21C7CE21001A4EF0 /* Info.plist */,
			);
			path = "iOS-SampleUITests";
			sourceTree = "<group>";
		};
		1310C12A21C9324500F3E3C0 /* Extensions */ = {
			isa = PBXGroup;
			children = (
				1310C12B21C9325800F3E3C0 /* JSONDecoder.swift */,
			);
			path = Extensions;
			sourceTree = "<group>";
		};
		1310C13121C938AD00F3E3C0 /* Fakes */ = {
			isa = PBXGroup;
			children = (
				1310C13221C938BB00F3E3C0 /* Models+Fakes.swift */,
			);
			path = Fakes;
			sourceTree = "<group>";
		};
		1365F7EA21C7CFE100055756 /* ViewControllers */ = {
			isa = PBXGroup;
			children = (
				1365F7F021C7D03700055756 /* SearchViewController.swift */,
			);
			path = ViewControllers;
			sourceTree = "<group>";
		};
		1365F7EB21C7CFE700055756 /* Models */ = {
			isa = PBXGroup;
			children = (
				1365F7F621C7D60700055756 /* Repository.swift */,
			);
			path = Models;
			sourceTree = "<group>";
		};
		1365F7EC21C7CFEB00055756 /* ViewModels */ = {
			isa = PBXGroup;
			children = (
				1365F7F221C7D05400055756 /* ModelViewModel.swift */,
				1365F7F821C7DA2400055756 /* RepositoryViewModel.swift */,
				1365F7FA21C7DF1D00055756 /* SearchViewModel.swift */,
			);
			path = ViewModels;
			sourceTree = "<group>";
		};
		1365F7ED21C7CFF100055756 /* Service */ = {
			isa = PBXGroup;
			children = (
				1365F80C21C80FAF00055756 /* Github */,
				1365F80721C80C9400055756 /* AlamofireCall */,
				1365F80221C80C3000055756 /* ServiceError */,
			);
			path = Service;
			sourceTree = "<group>";
		};
		1365F80221C80C3000055756 /* ServiceError */ = {
			isa = PBXGroup;
			children = (
				1365F80321C80C3C00055756 /* ServiceError.swift */,
			);
			path = ServiceError;
			sourceTree = "<group>";
		};
		1365F80721C80C9400055756 /* AlamofireCall */ = {
			isa = PBXGroup;
			children = (
				1365F80A21C80F7500055756 /* AlamofireCall.swift */,
			);
			path = AlamofireCall;
			sourceTree = "<group>";
		};
		1365F80C21C80FAF00055756 /* Github */ = {
			isa = PBXGroup;
			children = (
				1365F81021C8100900055756 /* Models */,
				1365F80D21C80FC000055756 /* Repository */,
				1365F80521C80C7200055756 /* GithubRequest.swift */,
			);
			path = Github;
			sourceTree = "<group>";
		};
		1365F80D21C80FC000055756 /* Repository */ = {
			isa = PBXGroup;
			children = (
				1365F80021C7F8D900055756 /* GithubRepositoryService.swift */,
			);
			path = Repository;
			sourceTree = "<group>";
		};
		1365F81021C8100900055756 /* Models */ = {
			isa = PBXGroup;
			children = (
				1365F80E21C8100100055756 /* GithubSearch.swift */,
			);
			path = Models;
			sourceTree = "<group>";
		};
		1365F81121C8177A00055756 /* Services */ = {
			isa = PBXGroup;
			children = (
				1365F81521C81C2B00055756 /* Github */,
			);
			path = Services;
			sourceTree = "<group>";
		};
		1365F81521C81C2B00055756 /* Github */ = {
			isa = PBXGroup;
			children = (
				1365F81E21C8265B00055756 /* MockServices */,
				1365F81621C81C3300055756 /* Repository */,
			);
			path = Github;
			sourceTree = "<group>";
		};
		1365F81621C81C3300055756 /* Repository */ = {
			isa = PBXGroup;
			children = (
				1365F82121C82B3500055756 /* GithubRepositoryMockURLProtocol.swift */,
				1365F81221C819D300055756 /* GithubRepositoryServiceSpecs.swift */,
			);
			path = Repository;
			sourceTree = "<group>";
		};
		1365F81921C81CE100055756 /* Mocks */ = {
			isa = PBXGroup;
			children = (
				1365F81A21C81D0B00055756 /* github_repository_search.json */,
				1310C12D21C9335A00F3E3C0 /* repository.json */,
				1310C12F21C9336E00F3E3C0 /* repository_invalid.json */,
			);
			path = Mocks;
			sourceTree = "<group>";
		};
		1365F81E21C8265B00055756 /* MockServices */ = {
			isa = PBXGroup;
			children = (
				1365F81F21C8267700055756 /* URLSessionConfiguration+Mock.swift */,
				1365F82321C82B5800055756 /* ServiceMockDataType.swift */,
				1365F82521C83D4600055756 /* BaseMockURLProtocol.swift */,
			);
			path = MockServices;
			sourceTree = "<group>";
		};
		1365F82721C840BB00055756 /* Models */ = {
			isa = PBXGroup;
			children = (
				1310C13121C938AD00F3E3C0 /* Fakes */,
				1365F82821C840DC00055756 /* RepositorySpec.swift */,
			);
			path = Models;
			sourceTree = "<group>";
		};
		676694DFA02C4B853E82F654 /* Pods */ = {
			isa = PBXGroup;
			children = (
				5F10C55A222EEE002FA36303 /* Pods-iOS-Sample.debug.xcconfig */,
				5752818F11F45B0DC0AE9D7E /* Pods-iOS-Sample.release.xcconfig */,
				BE23B78361ABA49427C032F5 /* Pods-iOS-SampleTests.debug.xcconfig */,
				72A831FF8B4C6F27491F4202 /* Pods-iOS-SampleTests.release.xcconfig */,
				9169B6169506E7B6DEB729F2 /* Pods-iOS-SampleUITests.debug.xcconfig */,
				793C1950A593FAB84CD3C770 /* Pods-iOS-SampleUITests.release.xcconfig */,
			);
			name = Pods;
			sourceTree = "<group>";
		};
		C844A86460527F51CD422234 /* Frameworks */ = {
			isa = PBXGroup;
			children = (
				4D35DEC6A51E4C080216CBD2 /* Pods_iOS_Sample.framework */,
				AE31596EC19A9F8E6F43E6AF /* Pods_iOS_SampleTests.framework */,
				2D0F2B91624C2BAD52E2B34C /* Pods_iOS_SampleUITests.framework */,
			);
			name = Frameworks;
			sourceTree = "<group>";
		};
/* End PBXGroup section */

/* Begin PBXNativeTarget section */
		1306E60521C7CE20001A4EF0 /* iOS-Sample */ = {
			isa = PBXNativeTarget;
			buildConfigurationList = 1306E62E21C7CE21001A4EF0 /* Build configuration list for PBXNativeTarget "iOS-Sample" */;
			buildPhases = (
				216E48DD9D9F0334EE988283 /* [CP] Check Pods Manifest.lock */,
				1306E60221C7CE20001A4EF0 /* Sources */,
				1306E60321C7CE20001A4EF0 /* Frameworks */,
				1306E60421C7CE20001A4EF0 /* Resources */,
				04E9889B5D95283155F7EE1E /* [CP] Embed Pods Frameworks */,
			);
			buildRules = (
			);
			dependencies = (
			);
			name = "iOS-Sample";
			productName = "iOS-Sample";
			productReference = 1306E60621C7CE20001A4EF0 /* iOS-Sample.app */;
			productType = "com.apple.product-type.application";
		};
		1306E61921C7CE21001A4EF0 /* iOS-SampleTests */ = {
			isa = PBXNativeTarget;
			buildConfigurationList = 1306E63121C7CE21001A4EF0 /* Build configuration list for PBXNativeTarget "iOS-SampleTests" */;
			buildPhases = (
				A39D4A6B6CE0AC73343B4B3F /* [CP] Check Pods Manifest.lock */,
				1306E61621C7CE21001A4EF0 /* Sources */,
				1306E61721C7CE21001A4EF0 /* Frameworks */,
				1306E61821C7CE21001A4EF0 /* Resources */,
				365D72C6D6276E14E210B985 /* [CP] Embed Pods Frameworks */,
			);
			buildRules = (
			);
			dependencies = (
				1306E61C21C7CE21001A4EF0 /* PBXTargetDependency */,
			);
			name = "iOS-SampleTests";
			productName = "iOS-SampleTests";
			productReference = 1306E61A21C7CE21001A4EF0 /* iOS-SampleTests.xctest */;
			productType = "com.apple.product-type.bundle.unit-test";
		};
		1306E62421C7CE21001A4EF0 /* iOS-SampleUITests */ = {
			isa = PBXNativeTarget;
			buildConfigurationList = 1306E63421C7CE21001A4EF0 /* Build configuration list for PBXNativeTarget "iOS-SampleUITests" */;
			buildPhases = (
				B1A82CD941411E414CA10542 /* [CP] Check Pods Manifest.lock */,
				1306E62121C7CE21001A4EF0 /* Sources */,
				1306E62221C7CE21001A4EF0 /* Frameworks */,
				1306E62321C7CE21001A4EF0 /* Resources */,
			);
			buildRules = (
			);
			dependencies = (
				1306E62721C7CE21001A4EF0 /* PBXTargetDependency */,
			);
			name = "iOS-SampleUITests";
			productName = "iOS-SampleUITests";
			productReference = 1306E62521C7CE21001A4EF0 /* iOS-SampleUITests.xctest */;
			productType = "com.apple.product-type.bundle.ui-testing";
		};
/* End PBXNativeTarget section */

/* Begin PBXProject section */
		1306E5FE21C7CE20001A4EF0 /* Project object */ = {
			isa = PBXProject;
			attributes = {
				LastSwiftUpdateCheck = 1010;
				LastUpgradeCheck = 1010;
				ORGANIZATIONNAME = "Dimas Gabriel";
				TargetAttributes = {
					1306E60521C7CE20001A4EF0 = {
						CreatedOnToolsVersion = 10.1;
					};
					1306E61921C7CE21001A4EF0 = {
						CreatedOnToolsVersion = 10.1;
						TestTargetID = 1306E60521C7CE20001A4EF0;
					};
					1306E62421C7CE21001A4EF0 = {
						CreatedOnToolsVersion = 10.1;
						TestTargetID = 1306E60521C7CE20001A4EF0;
					};
				};
			};
			buildConfigurationList = 1306E60121C7CE20001A4EF0 /* Build configuration list for PBXProject "iOS-Sample" */;
			compatibilityVersion = "Xcode 9.3";
			developmentRegion = en;
			hasScannedForEncodings = 0;
			knownRegions = (
				en,
				Base,
			);
			mainGroup = 1306E5FD21C7CE20001A4EF0;
			productRefGroup = 1306E60721C7CE20001A4EF0 /* Products */;
			projectDirPath = "";
			projectRoot = "";
			targets = (
				1306E60521C7CE20001A4EF0 /* iOS-Sample */,
				1306E61921C7CE21001A4EF0 /* iOS-SampleTests */,
				1306E62421C7CE21001A4EF0 /* iOS-SampleUITests */,
			);
		};
/* End PBXProject section */

/* Begin PBXResourcesBuildPhase section */
		1306E60421C7CE20001A4EF0 /* Resources */ = {
			isa = PBXResourcesBuildPhase;
			buildActionMask = 2147483647;
			files = (
				1306E61421C7CE21001A4EF0 /* LaunchScreen.storyboard in Resources */,
				1306E61121C7CE21001A4EF0 /* Assets.xcassets in Resources */,
				1306E60F21C7CE20001A4EF0 /* Main.storyboard in Resources */,
			);
			runOnlyForDeploymentPostprocessing = 0;
		};
		1306E61821C7CE21001A4EF0 /* Resources */ = {
			isa = PBXResourcesBuildPhase;
			buildActionMask = 2147483647;
			files = (
				1310C13021C9336E00F3E3C0 /* repository_invalid.json in Resources */,
				1365F81B21C81D0B00055756 /* github_repository_search.json in Resources */,
				1310C12E21C9335A00F3E3C0 /* repository.json in Resources */,
			);
			runOnlyForDeploymentPostprocessing = 0;
		};
		1306E62321C7CE21001A4EF0 /* Resources */ = {
			isa = PBXResourcesBuildPhase;
			buildActionMask = 2147483647;
			files = (
			);
			runOnlyForDeploymentPostprocessing = 0;
		};
/* End PBXResourcesBuildPhase section */

/* Begin PBXShellScriptBuildPhase section */
		04E9889B5D95283155F7EE1E /* [CP] Embed Pods Frameworks */ = {
			isa = PBXShellScriptBuildPhase;
			buildActionMask = 2147483647;
			files = (
			);
			inputFileListPaths = (
			);
			inputPaths = (
				"${SRCROOT}/Pods/Target Support Files/Pods-iOS-Sample/Pods-iOS-Sample-frameworks.sh",
				"${BUILT_PRODUCTS_DIR}/Alamofire/Alamofire.framework",
				"${BUILT_PRODUCTS_DIR}/RxAlamofire/RxAlamofire.framework",
				"${BUILT_PRODUCTS_DIR}/RxAtomic/RxAtomic.framework",
				"${BUILT_PRODUCTS_DIR}/RxCocoa/RxCocoa.framework",
				"${BUILT_PRODUCTS_DIR}/RxSwift/RxSwift.framework",
			);
			name = "[CP] Embed Pods Frameworks";
			outputFileListPaths = (
			);
			outputPaths = (
				"${TARGET_BUILD_DIR}/${FRAMEWORKS_FOLDER_PATH}/Alamofire.framework",
				"${TARGET_BUILD_DIR}/${FRAMEWORKS_FOLDER_PATH}/RxAlamofire.framework",
				"${TARGET_BUILD_DIR}/${FRAMEWORKS_FOLDER_PATH}/RxAtomic.framework",
				"${TARGET_BUILD_DIR}/${FRAMEWORKS_FOLDER_PATH}/RxCocoa.framework",
				"${TARGET_BUILD_DIR}/${FRAMEWORKS_FOLDER_PATH}/RxSwift.framework",
			);
			runOnlyForDeploymentPostprocessing = 0;
			shellPath = /bin/sh;
			shellScript = "\"${SRCROOT}/Pods/Target Support Files/Pods-iOS-Sample/Pods-iOS-Sample-frameworks.sh\"\n";
			showEnvVarsInLog = 0;
		};
		216E48DD9D9F0334EE988283 /* [CP] Check Pods Manifest.lock */ = {
			isa = PBXShellScriptBuildPhase;
			buildActionMask = 2147483647;
			files = (
			);
			inputFileListPaths = (
			);
			inputPaths = (
				"${PODS_PODFILE_DIR_PATH}/Podfile.lock",
				"${PODS_ROOT}/Manifest.lock",
			);
			name = "[CP] Check Pods Manifest.lock";
			outputFileListPaths = (
			);
			outputPaths = (
				"$(DERIVED_FILE_DIR)/Pods-iOS-Sample-checkManifestLockResult.txt",
			);
			runOnlyForDeploymentPostprocessing = 0;
			shellPath = /bin/sh;
			shellScript = "diff \"${PODS_PODFILE_DIR_PATH}/Podfile.lock\" \"${PODS_ROOT}/Manifest.lock\" > /dev/null\nif [ $? != 0 ] ; then\n    # print error to STDERR\n    echo \"error: The sandbox is not in sync with the Podfile.lock. Run 'pod install' or update your CocoaPods installation.\" >&2\n    exit 1\nfi\n# This output is used by Xcode 'outputs' to avoid re-running this script phase.\necho \"SUCCESS\" > \"${SCRIPT_OUTPUT_FILE_0}\"\n";
			showEnvVarsInLog = 0;
		};
		365D72C6D6276E14E210B985 /* [CP] Embed Pods Frameworks */ = {
			isa = PBXShellScriptBuildPhase;
			buildActionMask = 2147483647;
			files = (
			);
			inputFileListPaths = (
			);
			inputPaths = (
				"${SRCROOT}/Pods/Target Support Files/Pods-iOS-SampleTests/Pods-iOS-SampleTests-frameworks.sh",
				"${BUILT_PRODUCTS_DIR}/Nimble/Nimble.framework",
				"${BUILT_PRODUCTS_DIR}/Quick/Quick.framework",
			);
			name = "[CP] Embed Pods Frameworks";
			outputFileListPaths = (
			);
			outputPaths = (
				"${TARGET_BUILD_DIR}/${FRAMEWORKS_FOLDER_PATH}/Nimble.framework",
				"${TARGET_BUILD_DIR}/${FRAMEWORKS_FOLDER_PATH}/Quick.framework",
			);
			runOnlyForDeploymentPostprocessing = 0;
			shellPath = /bin/sh;
			shellScript = "\"${SRCROOT}/Pods/Target Support Files/Pods-iOS-SampleTests/Pods-iOS-SampleTests-frameworks.sh\"\n";
			showEnvVarsInLog = 0;
		};
		A39D4A6B6CE0AC73343B4B3F /* [CP] Check Pods Manifest.lock */ = {
			isa = PBXShellScriptBuildPhase;
			buildActionMask = 2147483647;
			files = (
			);
			inputFileListPaths = (
			);
			inputPaths = (
				"${PODS_PODFILE_DIR_PATH}/Podfile.lock",
				"${PODS_ROOT}/Manifest.lock",
			);
			name = "[CP] Check Pods Manifest.lock";
			outputFileListPaths = (
			);
			outputPaths = (
				"$(DERIVED_FILE_DIR)/Pods-iOS-SampleTests-checkManifestLockResult.txt",
			);
			runOnlyForDeploymentPostprocessing = 0;
			shellPath = /bin/sh;
			shellScript = "diff \"${PODS_PODFILE_DIR_PATH}/Podfile.lock\" \"${PODS_ROOT}/Manifest.lock\" > /dev/null\nif [ $? != 0 ] ; then\n    # print error to STDERR\n    echo \"error: The sandbox is not in sync with the Podfile.lock. Run 'pod install' or update your CocoaPods installation.\" >&2\n    exit 1\nfi\n# This output is used by Xcode 'outputs' to avoid re-running this script phase.\necho \"SUCCESS\" > \"${SCRIPT_OUTPUT_FILE_0}\"\n";
			showEnvVarsInLog = 0;
		};
		B1A82CD941411E414CA10542 /* [CP] Check Pods Manifest.lock */ = {
			isa = PBXShellScriptBuildPhase;
			buildActionMask = 2147483647;
			files = (
			);
			inputFileListPaths = (
			);
			inputPaths = (
				"${PODS_PODFILE_DIR_PATH}/Podfile.lock",
				"${PODS_ROOT}/Manifest.lock",
			);
			name = "[CP] Check Pods Manifest.lock";
			outputFileListPaths = (
			);
			outputPaths = (
				"$(DERIVED_FILE_DIR)/Pods-iOS-SampleUITests-checkManifestLockResult.txt",
			);
			runOnlyForDeploymentPostprocessing = 0;
			shellPath = /bin/sh;
			shellScript = "diff \"${PODS_PODFILE_DIR_PATH}/Podfile.lock\" \"${PODS_ROOT}/Manifest.lock\" > /dev/null\nif [ $? != 0 ] ; then\n    # print error to STDERR\n    echo \"error: The sandbox is not in sync with the Podfile.lock. Run 'pod install' or update your CocoaPods installation.\" >&2\n    exit 1\nfi\n# This output is used by Xcode 'outputs' to avoid re-running this script phase.\necho \"SUCCESS\" > \"${SCRIPT_OUTPUT_FILE_0}\"\n";
			showEnvVarsInLog = 0;
		};
/* End PBXShellScriptBuildPhase section */

/* Begin PBXSourcesBuildPhase section */
		1306E60221C7CE20001A4EF0 /* Sources */ = {
			isa = PBXSourcesBuildPhase;
			buildActionMask = 2147483647;
			files = (
				1310C12C21C9325800F3E3C0 /* JSONDecoder.swift in Sources */,
				1365F80421C80C3C00055756 /* ServiceError.swift in Sources */,
				1365F80F21C8100100055756 /* GithubSearch.swift in Sources */,
				1365F7F921C7DA2400055756 /* RepositoryViewModel.swift in Sources */,
				1365F7F121C7D03700055756 /* SearchViewController.swift in Sources */,
				1365F80621C80C7200055756 /* GithubRequest.swift in Sources */,
				1365F80B21C80F7500055756 /* AlamofireCall.swift in Sources */,
				1365F7FB21C7DF1D00055756 /* SearchViewModel.swift in Sources */,
				1365F7F321C7D05400055756 /* ModelViewModel.swift in Sources */,
				1306E60A21C7CE20001A4EF0 /* AppDelegate.swift in Sources */,
				1365F7F721C7D60700055756 /* Repository.swift in Sources */,
				1365F80121C7F8D900055756 /* GithubRepositoryService.swift in Sources */,
			);
			runOnlyForDeploymentPostprocessing = 0;
		};
		1306E61621C7CE21001A4EF0 /* Sources */ = {
			isa = PBXSourcesBuildPhase;
			buildActionMask = 2147483647;
			files = (
				1365F82221C82B3500055756 /* GithubRepositoryMockURLProtocol.swift in Sources */,
				1365F82421C82B5800055756 /* ServiceMockDataType.swift in Sources */,
				1365F82021C8267700055756 /* URLSessionConfiguration+Mock.swift in Sources */,
				1310C13321C938BB00F3E3C0 /* Models+Fakes.swift in Sources */,
				1365F82621C83D4600055756 /* BaseMockURLProtocol.swift in Sources */,
				1365F82921C840DC00055756 /* RepositorySpec.swift in Sources */,
				1365F81321C819D300055756 /* GithubRepositoryServiceSpecs.swift in Sources */,
			);
			runOnlyForDeploymentPostprocessing = 0;
		};
		1306E62121C7CE21001A4EF0 /* Sources */ = {
			isa = PBXSourcesBuildPhase;
			buildActionMask = 2147483647;
			files = (
				1306E62A21C7CE21001A4EF0 /* iOS_SampleUITests.swift in Sources */,
			);
			runOnlyForDeploymentPostprocessing = 0;
		};
/* End PBXSourcesBuildPhase section */

/* Begin PBXTargetDependency section */
		1306E61C21C7CE21001A4EF0 /* PBXTargetDependency */ = {
			isa = PBXTargetDependency;
			target = 1306E60521C7CE20001A4EF0 /* iOS-Sample */;
			targetProxy = 1306E61B21C7CE21001A4EF0 /* PBXContainerItemProxy */;
		};
		1306E62721C7CE21001A4EF0 /* PBXTargetDependency */ = {
			isa = PBXTargetDependency;
			target = 1306E60521C7CE20001A4EF0 /* iOS-Sample */;
			targetProxy = 1306E62621C7CE21001A4EF0 /* PBXContainerItemProxy */;
		};
/* End PBXTargetDependency section */

/* Begin PBXVariantGroup section */
		1306E60D21C7CE20001A4EF0 /* Main.storyboard */ = {
			isa = PBXVariantGroup;
			children = (
				1306E60E21C7CE20001A4EF0 /* Base */,
			);
			name = Main.storyboard;
			sourceTree = "<group>";
		};
		1306E61221C7CE21001A4EF0 /* LaunchScreen.storyboard */ = {
			isa = PBXVariantGroup;
			children = (
				1306E61321C7CE21001A4EF0 /* Base */,
			);
			name = LaunchScreen.storyboard;
			sourceTree = "<group>";
		};
/* End PBXVariantGroup section */

/* Begin XCBuildConfiguration section */
		1306E62C21C7CE21001A4EF0 /* Debug */ = {
			isa = XCBuildConfiguration;
			buildSettings = {
				ALWAYS_SEARCH_USER_PATHS = NO;
				CLANG_ANALYZER_NONNULL = YES;
				CLANG_ANALYZER_NUMBER_OBJECT_CONVERSION = YES_AGGRESSIVE;
				CLANG_CXX_LANGUAGE_STANDARD = "gnu++14";
				CLANG_CXX_LIBRARY = "libc++";
				CLANG_ENABLE_MODULES = YES;
				CLANG_ENABLE_OBJC_ARC = YES;
				CLANG_ENABLE_OBJC_WEAK = YES;
				CLANG_WARN_BLOCK_CAPTURE_AUTORELEASING = YES;
				CLANG_WARN_BOOL_CONVERSION = YES;
				CLANG_WARN_COMMA = YES;
				CLANG_WARN_CONSTANT_CONVERSION = YES;
				CLANG_WARN_DEPRECATED_OBJC_IMPLEMENTATIONS = YES;
				CLANG_WARN_DIRECT_OBJC_ISA_USAGE = YES_ERROR;
				CLANG_WARN_DOCUMENTATION_COMMENTS = YES;
				CLANG_WARN_EMPTY_BODY = YES;
				CLANG_WARN_ENUM_CONVERSION = YES;
				CLANG_WARN_INFINITE_RECURSION = YES;
				CLANG_WARN_INT_CONVERSION = YES;
				CLANG_WARN_NON_LITERAL_NULL_CONVERSION = YES;
				CLANG_WARN_OBJC_IMPLICIT_RETAIN_SELF = YES;
				CLANG_WARN_OBJC_LITERAL_CONVERSION = YES;
				CLANG_WARN_OBJC_ROOT_CLASS = YES_ERROR;
				CLANG_WARN_RANGE_LOOP_ANALYSIS = YES;
				CLANG_WARN_STRICT_PROTOTYPES = YES;
				CLANG_WARN_SUSPICIOUS_MOVE = YES;
				CLANG_WARN_UNGUARDED_AVAILABILITY = YES_AGGRESSIVE;
				CLANG_WARN_UNREACHABLE_CODE = YES;
				CLANG_WARN__DUPLICATE_METHOD_MATCH = YES;
				CODE_SIGN_IDENTITY = "iPhone Developer";
				COPY_PHASE_STRIP = NO;
				DEBUG_INFORMATION_FORMAT = dwarf;
				ENABLE_STRICT_OBJC_MSGSEND = YES;
				ENABLE_TESTABILITY = YES;
				GCC_C_LANGUAGE_STANDARD = gnu11;
				GCC_DYNAMIC_NO_PIC = NO;
				GCC_NO_COMMON_BLOCKS = YES;
				GCC_OPTIMIZATION_LEVEL = 0;
				GCC_PREPROCESSOR_DEFINITIONS = (
					"DEBUG=1",
					"$(inherited)",
				);
				GCC_WARN_64_TO_32_BIT_CONVERSION = YES;
				GCC_WARN_ABOUT_RETURN_TYPE = YES_ERROR;
				GCC_WARN_UNDECLARED_SELECTOR = YES;
				GCC_WARN_UNINITIALIZED_AUTOS = YES_AGGRESSIVE;
				GCC_WARN_UNUSED_FUNCTION = YES;
				GCC_WARN_UNUSED_VARIABLE = YES;
				IPHONEOS_DEPLOYMENT_TARGET = 12.1;
				MTL_ENABLE_DEBUG_INFO = INCLUDE_SOURCE;
				MTL_FAST_MATH = YES;
				ONLY_ACTIVE_ARCH = YES;
				SDKROOT = iphoneos;
				SWIFT_ACTIVE_COMPILATION_CONDITIONS = DEBUG;
				SWIFT_OPTIMIZATION_LEVEL = "-Onone";
			};
			name = Debug;
		};
		1306E62D21C7CE21001A4EF0 /* Release */ = {
			isa = XCBuildConfiguration;
			buildSettings = {
				ALWAYS_SEARCH_USER_PATHS = NO;
				CLANG_ANALYZER_NONNULL = YES;
				CLANG_ANALYZER_NUMBER_OBJECT_CONVERSION = YES_AGGRESSIVE;
				CLANG_CXX_LANGUAGE_STANDARD = "gnu++14";
				CLANG_CXX_LIBRARY = "libc++";
				CLANG_ENABLE_MODULES = YES;
				CLANG_ENABLE_OBJC_ARC = YES;
				CLANG_ENABLE_OBJC_WEAK = YES;
				CLANG_WARN_BLOCK_CAPTURE_AUTORELEASING = YES;
				CLANG_WARN_BOOL_CONVERSION = YES;
				CLANG_WARN_COMMA = YES;
				CLANG_WARN_CONSTANT_CONVERSION = YES;
				CLANG_WARN_DEPRECATED_OBJC_IMPLEMENTATIONS = YES;
				CLANG_WARN_DIRECT_OBJC_ISA_USAGE = YES_ERROR;
				CLANG_WARN_DOCUMENTATION_COMMENTS = YES;
				CLANG_WARN_EMPTY_BODY = YES;
				CLANG_WARN_ENUM_CONVERSION = YES;
				CLANG_WARN_INFINITE_RECURSION = YES;
				CLANG_WARN_INT_CONVERSION = YES;
				CLANG_WARN_NON_LITERAL_NULL_CONVERSION = YES;
				CLANG_WARN_OBJC_IMPLICIT_RETAIN_SELF = YES;
				CLANG_WARN_OBJC_LITERAL_CONVERSION = YES;
				CLANG_WARN_OBJC_ROOT_CLASS = YES_ERROR;
				CLANG_WARN_RANGE_LOOP_ANALYSIS = YES;
				CLANG_WARN_STRICT_PROTOTYPES = YES;
				CLANG_WARN_SUSPICIOUS_MOVE = YES;
				CLANG_WARN_UNGUARDED_AVAILABILITY = YES_AGGRESSIVE;
				CLANG_WARN_UNREACHABLE_CODE = YES;
				CLANG_WARN__DUPLICATE_METHOD_MATCH = YES;
				CODE_SIGN_IDENTITY = "iPhone Developer";
				COPY_PHASE_STRIP = NO;
				DEBUG_INFORMATION_FORMAT = "dwarf-with-dsym";
				ENABLE_NS_ASSERTIONS = NO;
				ENABLE_STRICT_OBJC_MSGSEND = YES;
				GCC_C_LANGUAGE_STANDARD = gnu11;
				GCC_NO_COMMON_BLOCKS = YES;
				GCC_WARN_64_TO_32_BIT_CONVERSION = YES;
				GCC_WARN_ABOUT_RETURN_TYPE = YES_ERROR;
				GCC_WARN_UNDECLARED_SELECTOR = YES;
				GCC_WARN_UNINITIALIZED_AUTOS = YES_AGGRESSIVE;
				GCC_WARN_UNUSED_FUNCTION = YES;
				GCC_WARN_UNUSED_VARIABLE = YES;
				IPHONEOS_DEPLOYMENT_TARGET = 12.1;
				MTL_ENABLE_DEBUG_INFO = NO;
				MTL_FAST_MATH = YES;
				SDKROOT = iphoneos;
				SWIFT_COMPILATION_MODE = wholemodule;
				SWIFT_OPTIMIZATION_LEVEL = "-O";
				VALIDATE_PRODUCT = YES;
			};
			name = Release;
		};
		1306E62F21C7CE21001A4EF0 /* Debug */ = {
			isa = XCBuildConfiguration;
			baseConfigurationReference = 5F10C55A222EEE002FA36303 /* Pods-iOS-Sample.debug.xcconfig */;
			buildSettings = {
				ASSETCATALOG_COMPILER_APPICON_NAME = AppIcon;
				CODE_SIGN_STYLE = Automatic;
				DEVELOPMENT_TEAM = PBE6X9PZJ3;
				INFOPLIST_FILE = "iOS-Sample/Info.plist";
				LD_RUNPATH_SEARCH_PATHS = (
					"$(inherited)",
					"@executable_path/Frameworks",
				);
				PRODUCT_BUNDLE_IDENTIFIER = "net.dimasgabriel.iOS-Sample";
				PRODUCT_NAME = "$(TARGET_NAME)";
				SWIFT_VERSION = 4.2;
				TARGETED_DEVICE_FAMILY = "1,2";
			};
			name = Debug;
		};
		1306E63021C7CE21001A4EF0 /* Release */ = {
			isa = XCBuildConfiguration;
			baseConfigurationReference = 5752818F11F45B0DC0AE9D7E /* Pods-iOS-Sample.release.xcconfig */;
			buildSettings = {
				ASSETCATALOG_COMPILER_APPICON_NAME = AppIcon;
				CODE_SIGN_STYLE = Automatic;
				DEVELOPMENT_TEAM = PBE6X9PZJ3;
				INFOPLIST_FILE = "iOS-Sample/Info.plist";
				LD_RUNPATH_SEARCH_PATHS = (
					"$(inherited)",
					"@executable_path/Frameworks",
				);
				PRODUCT_BUNDLE_IDENTIFIER = "net.dimasgabriel.iOS-Sample";
				PRODUCT_NAME = "$(TARGET_NAME)";
				SWIFT_VERSION = 4.2;
				TARGETED_DEVICE_FAMILY = "1,2";
			};
			name = Release;
		};
		1306E63221C7CE21001A4EF0 /* Debug */ = {
			isa = XCBuildConfiguration;
			baseConfigurationReference = BE23B78361ABA49427C032F5 /* Pods-iOS-SampleTests.debug.xcconfig */;
			buildSettings = {
				ALWAYS_EMBED_SWIFT_STANDARD_LIBRARIES = YES;
				BUNDLE_LOADER = "$(TEST_HOST)";
				CODE_SIGN_STYLE = Automatic;
				DEVELOPMENT_TEAM = PBE6X9PZJ3;
				INFOPLIST_FILE = "iOS-SampleTests/Info.plist";
				LD_RUNPATH_SEARCH_PATHS = (
					"$(inherited)",
					"@executable_path/Frameworks",
					"@loader_path/Frameworks",
				);
				PRODUCT_BUNDLE_IDENTIFIER = "net.dimasgabriel.iOS-SampleTests";
				PRODUCT_NAME = "$(TARGET_NAME)";
				SWIFT_VERSION = 4.2;
				TARGETED_DEVICE_FAMILY = "1,2";
				TEST_HOST = "$(BUILT_PRODUCTS_DIR)/iOS-Sample.app/iOS-Sample";
			};
			name = Debug;
		};
		1306E63321C7CE21001A4EF0 /* Release */ = {
			isa = XCBuildConfiguration;
			baseConfigurationReference = 72A831FF8B4C6F27491F4202 /* Pods-iOS-SampleTests.release.xcconfig */;
			buildSettings = {
				ALWAYS_EMBED_SWIFT_STANDARD_LIBRARIES = YES;
				BUNDLE_LOADER = "$(TEST_HOST)";
				CODE_SIGN_STYLE = Automatic;
				DEVELOPMENT_TEAM = PBE6X9PZJ3;
				INFOPLIST_FILE = "iOS-SampleTests/Info.plist";
				LD_RUNPATH_SEARCH_PATHS = (
					"$(inherited)",
					"@executable_path/Frameworks",
					"@loader_path/Frameworks",
				);
				PRODUCT_BUNDLE_IDENTIFIER = "net.dimasgabriel.iOS-SampleTests";
				PRODUCT_NAME = "$(TARGET_NAME)";
				SWIFT_VERSION = 4.2;
				TARGETED_DEVICE_FAMILY = "1,2";
				TEST_HOST = "$(BUILT_PRODUCTS_DIR)/iOS-Sample.app/iOS-Sample";
			};
			name = Release;
		};
		1306E63521C7CE21001A4EF0 /* Debug */ = {
			isa = XCBuildConfiguration;
			baseConfigurationReference = 9169B6169506E7B6DEB729F2 /* Pods-iOS-SampleUITests.debug.xcconfig */;
			buildSettings = {
				ALWAYS_EMBED_SWIFT_STANDARD_LIBRARIES = YES;
				CODE_SIGN_STYLE = Automatic;
				DEVELOPMENT_TEAM = PBE6X9PZJ3;
				INFOPLIST_FILE = "iOS-SampleUITests/Info.plist";
				LD_RUNPATH_SEARCH_PATHS = (
					"$(inherited)",
					"@executable_path/Frameworks",
					"@loader_path/Frameworks",
				);
				PRODUCT_BUNDLE_IDENTIFIER = "net.dimasgabriel.iOS-SampleUITests";
				PRODUCT_NAME = "$(TARGET_NAME)";
				SWIFT_VERSION = 4.2;
				TARGETED_DEVICE_FAMILY = "1,2";
				TEST_TARGET_NAME = "iOS-Sample";
			};
			name = Debug;
		};
		1306E63621C7CE21001A4EF0 /* Release */ = {
			isa = XCBuildConfiguration;
			baseConfigurationReference = 793C1950A593FAB84CD3C770 /* Pods-iOS-SampleUITests.release.xcconfig */;
			buildSettings = {
				ALWAYS_EMBED_SWIFT_STANDARD_LIBRARIES = YES;
				CODE_SIGN_STYLE = Automatic;
				DEVELOPMENT_TEAM = PBE6X9PZJ3;
				INFOPLIST_FILE = "iOS-SampleUITests/Info.plist";
				LD_RUNPATH_SEARCH_PATHS = (
					"$(inherited)",
					"@executable_path/Frameworks",
					"@loader_path/Frameworks",
				);
				PRODUCT_BUNDLE_IDENTIFIER = "net.dimasgabriel.iOS-SampleUITests";
				PRODUCT_NAME = "$(TARGET_NAME)";
				SWIFT_VERSION = 4.2;
				TARGETED_DEVICE_FAMILY = "1,2";
				TEST_TARGET_NAME = "iOS-Sample";
			};
			name = Release;
		};
/* End XCBuildConfiguration section */

/* Begin XCConfigurationList section */
		1306E60121C7CE20001A4EF0 /* Build configuration list for PBXProject "iOS-Sample" */ = {
			isa = XCConfigurationList;
			buildConfigurations = (
				1306E62C21C7CE21001A4EF0 /* Debug */,
				1306E62D21C7CE21001A4EF0 /* Release */,
			);
			defaultConfigurationIsVisible = 0;
			defaultConfigurationName = Release;
		};
		1306E62E21C7CE21001A4EF0 /* Build configuration list for PBXNativeTarget "iOS-Sample" */ = {
			isa = XCConfigurationList;
			buildConfigurations = (
				1306E62F21C7CE21001A4EF0 /* Debug */,
				1306E63021C7CE21001A4EF0 /* Release */,
			);
			defaultConfigurationIsVisible = 0;
			defaultConfigurationName = Release;
		};
		1306E63121C7CE21001A4EF0 /* Build configuration list for PBXNativeTarget "iOS-SampleTests" */ = {
			isa = XCConfigurationList;
			buildConfigurations = (
				1306E63221C7CE21001A4EF0 /* Debug */,
				1306E63321C7CE21001A4EF0 /* Release */,
			);
			defaultConfigurationIsVisible = 0;
			defaultConfigurationName = Release;
		};
		1306E63421C7CE21001A4EF0 /* Build configuration list for PBXNativeTarget "iOS-SampleUITests" */ = {
			isa = XCConfigurationList;
			buildConfigurations = (
				1306E63521C7CE21001A4EF0 /* Debug */,
				1306E63621C7CE21001A4EF0 /* Release */,
			);
			defaultConfigurationIsVisible = 0;
			defaultConfigurationName = Release;
		};
/* End XCConfigurationList section */
	};
	rootObject = 1306E5FE21C7CE20001A4EF0 /* Project object */;
}
